
Microsoft Visual Studio Solution File, Format Version 12.00
# Visual Studio 15
VisualStudioVersion = 15.0.27130.2010
MinimumVisualStudioVersion = 10.0.40219.1
Project("{FAE04EC0-301F-11D3-BF4B-00C04F79EFBC}") = "OnlineShop", "OnlineShop\OnlineShop.csproj", "{8C8C733A-3C81-4AD1-95D7-7414B4ABED52}"
EndProject
Project("{FAE04EC0-301F-11D3-BF4B-00C04F79EFBC}") = "Model", "Model\Model.csproj", "{224C4D43-96E2-4F20-87A0-4835FE909709}"
EndProject
Global
	GlobalSection(SolutionConfigurationPlatforms) = preSolution
		Debug|Any CPU = Debug|Any CPU
		Release|Any CPU = Release|Any CPU
	EndGlobalSection
	GlobalSection(ProjectConfigurationPlatforms) = postSolution
		{8C8C733A-3C81-4AD1-95D7-7414B4ABED52}.Debug|Any CPU.ActiveCfg = Debug|Any CPU
		{8C8C733A-3C81-4AD1-95D7-7414B4ABED52}.Debug|Any CPU.Build.0 = Debug|Any CPU
		{8C8C733A-3C81-4AD1-95D7-7414B4ABED52}.Release|Any CPU.ActiveCfg = Release|Any CPU
		{8C8C733A-3C81-4AD1-95D7-7414B4ABED52}.Release|Any CPU.Build.0 = Release|Any CPU
		{224C4D43-96E2-4F20-87A0-4835FE909709}.Debug|Any CPU.ActiveCfg = Debug|Any CPU
		{224C4D43-96E2-4F20-87A0-4835FE909709}.Debug|Any CPU.Build.0 = Debug|Any CPU
		{224C4D43-96E2-4F20-87A0-4835FE909709}.Release|Any CPU.ActiveCfg = Release|Any CPU
		{224C4D43-96E2-4F20-87A0-4835FE909709}.Release|Any CPU.Build.0 = Release|Any CPU
	EndGlobalSection
	GlobalSection(SolutionProperties) = preSolution
		HideSolutionNode = FALSE
	EndGlobalSection
	GlobalSection(ExtensibilityGlobals) = postSolution
		SolutionGuid = {AE6DD0D3-7ED5-4EB4-9BE1-57E260C232E2}
	EndGlobalSection
EndGlobal
