
Microsoft Visual Studio Solution File, Format Version 12.00
# Visual Studio 15
VisualStudioVersion = 15.0.26730.15
MinimumVisualStudioVersion = 10.0.40219.1
Project("{FAE04EC0-301F-11D3-BF4B-00C04F79EFBC}") = "OnlineShop", "OnlineShop\OnlineShop.csproj", "{2142ABE9-684B-4501-8F84-8801F207E99C}"
EndProject
Project("{FAE04EC0-301F-11D3-BF4B-00C04F79EFBC}") = "Model", "Model\Model.csproj", "{11492B54-AE29-4DA8-9D39-9A152D39D9C2}"
EndProject
Global
	GlobalSection(SolutionConfigurationPlatforms) = preSolution
		Debug|Any CPU = Debug|Any CPU
		Release|Any CPU = Release|Any CPU
	EndGlobalSection
	GlobalSection(ProjectConfigurationPlatforms) = postSolution
		{2142ABE9-684B-4501-8F84-8801F207E99C}.Debug|Any CPU.ActiveCfg = Debug|Any CPU
		{2142ABE9-684B-4501-8F84-8801F207E99C}.Debug|Any CPU.Build.0 = Debug|Any CPU
		{2142ABE9-684B-4501-8F84-8801F207E99C}.Release|Any CPU.ActiveCfg = Release|Any CPU
		{2142ABE9-684B-4501-8F84-8801F207E99C}.Release|Any CPU.Build.0 = Release|Any CPU
		{11492B54-AE29-4DA8-9D39-9A152D39D9C2}.Debug|Any CPU.ActiveCfg = Debug|Any CPU
		{11492B54-AE29-4DA8-9D39-9A152D39D9C2}.Debug|Any CPU.Build.0 = Debug|Any CPU
		{11492B54-AE29-4DA8-9D39-9A152D39D9C2}.Release|Any CPU.ActiveCfg = Release|Any CPU
		{11492B54-AE29-4DA8-9D39-9A152D39D9C2}.Release|Any CPU.Build.0 = Release|Any CPU
	EndGlobalSection
	GlobalSection(SolutionProperties) = preSolution
		HideSolutionNode = FALSE
	EndGlobalSection
	GlobalSection(ExtensibilityGlobals) = postSolution
		SolutionGuid = {FEAD297E-82E4-4CB6-AC54-68B8A07892FF}
	EndGlobalSection
EndGlobal
